hash: cbbcdd632face8152df59e0563d3f496809e58ee5dc6b5caab72243ddb35e06c
updated: 2016-12-12T23:49:50.878750858+05:30
imports:
- name: github.com/codegangsta/negroni
  version: cd9734011043904139c24dbad9a71b21f1586f36
- name: github.com/gorilla/context
  version: 08b5f424b9271eedf6f9f0ce86cb9396ed337a42
- name: github.com/gorilla/mux
  version: 757bef944d0f21880861c2dd9c871ca543023cba
testImports: []
